
Microsoft Visual Studio Solution File, Format Version 12.00
# Visual Studio Version 16
VisualStudioVersion = 16.0.29905.134
MinimumVisualStudioVersion = 10.0.40219.1
Project("{888888A0-9F3D-457C-B088-3A5042F75D52}") = "PowerSeries", "PowerSeries\PowerSeries.pyproj", "{75F8304A-1C8B-488C-9859-0E511208C01C}"
EndProject
Global
	GlobalSection(SolutionConfigurationPlatforms) = preSolution
		Debug|Any CPU = Debug|Any CPU
		Release|Any CPU = Release|Any CPU
	EndGlobalSection
	GlobalSection(ProjectConfigurationPlatforms) = postSolution
		{75F8304A-1C8B-488C-9859-0E511208C01C}.Debug|Any CPU.ActiveCfg = Debug|Any CPU
		{75F8304A-1C8B-488C-9859-0E511208C01C}.Release|Any CPU.ActiveCfg = Release|Any CPU
	EndGlobalSection
	GlobalSection(SolutionProperties) = preSolution
		HideSolutionNode = FALSE
	EndGlobalSection
	GlobalSection(ExtensibilityGlobals) = postSolution
		SolutionGuid = {D2CFDA0B-B062-4C96-AC74-06BDD4009A9F}
	EndGlobalSection
EndGlobal
