
Microsoft Visual Studio Solution File, Format Version 12.00
# Visual Studio Version 16
VisualStudioVersion = 16.0.29905.134
MinimumVisualStudioVersion = 10.0.40219.1
Project("{FAE04EC0-301F-11D3-BF4B-00C04F79EFBC}") = "WindowFormsApp1", "WindowsFormsApp1\WindowFormsApp1.csproj", "{F7352ADE-BD68-4BB3-9553-B83BF1C71BFD}"
EndProject
Global
	GlobalSection(SolutionConfigurationPlatforms) = preSolution
		Debug|Any CPU = Debug|Any CPU
		Release|Any CPU = Release|Any CPU
	EndGlobalSection
	GlobalSection(ProjectConfigurationPlatforms) = postSolution
		{F7352ADE-BD68-4BB3-9553-B83BF1C71BFD}.Debug|Any CPU.ActiveCfg = Debug|Any CPU
		{F7352ADE-BD68-4BB3-9553-B83BF1C71BFD}.Debug|Any CPU.Build.0 = Debug|Any CPU
		{F7352ADE-BD68-4BB3-9553-B83BF1C71BFD}.Release|Any CPU.ActiveCfg = Release|Any CPU
		{F7352ADE-BD68-4BB3-9553-B83BF1C71BFD}.Release|Any CPU.Build.0 = Release|Any CPU
	EndGlobalSection
	GlobalSection(SolutionProperties) = preSolution
		HideSolutionNode = FALSE
	EndGlobalSection
	GlobalSection(ExtensibilityGlobals) = postSolution
		SolutionGuid = {B2355C48-CE06-4A28-B099-21067AC50527}
	EndGlobalSection
EndGlobal
